
Microsoft Visual Studio Solution File, Format Version 12.00
# Visual Studio Version 16
VisualStudioVersion = 16.0.32228.343
MinimumVisualStudioVersion = 10.0.40219.1
Project("{FAE04EC0-301F-11D3-BF4B-00C04F79EFBC}") = "Examenev2", "Examenev2\Examenev2.csproj", "{775E8650-87C4-475C-976F-15E3A34C5AAA}"
EndProject
Project("{FAE04EC0-301F-11D3-BF4B-00C04F79EFBC}") = "libreriaPokemon", "libreriaPokemon\libreriaPokemon.csproj", "{3E2CDA3A-27BB-4405-9C0B-3F0B8E2EC6A5}"
EndProject
Global
	GlobalSection(SolutionConfigurationPlatforms) = preSolution
		Debug|Any CPU = Debug|Any CPU
		Release|Any CPU = Release|Any CPU
	EndGlobalSection
	GlobalSection(ProjectConfigurationPlatforms) = postSolution
		{775E8650-87C4-475C-976F-15E3A34C5AAA}.Debug|Any CPU.ActiveCfg = Debug|Any CPU
		{775E8650-87C4-475C-976F-15E3A34C5AAA}.Debug|Any CPU.Build.0 = Debug|Any CPU
		{775E8650-87C4-475C-976F-15E3A34C5AAA}.Release|Any CPU.ActiveCfg = Release|Any CPU
		{775E8650-87C4-475C-976F-15E3A34C5AAA}.Release|Any CPU.Build.0 = Release|Any CPU
		{3E2CDA3A-27BB-4405-9C0B-3F0B8E2EC6A5}.Debug|Any CPU.ActiveCfg = Debug|Any CPU
		{3E2CDA3A-27BB-4405-9C0B-3F0B8E2EC6A5}.Debug|Any CPU.Build.0 = Debug|Any CPU
		{3E2CDA3A-27BB-4405-9C0B-3F0B8E2EC6A5}.Release|Any CPU.ActiveCfg = Release|Any CPU
		{3E2CDA3A-27BB-4405-9C0B-3F0B8E2EC6A5}.Release|Any CPU.Build.0 = Release|Any CPU
	EndGlobalSection
	GlobalSection(SolutionProperties) = preSolution
		HideSolutionNode = FALSE
	EndGlobalSection
	GlobalSection(ExtensibilityGlobals) = postSolution
		SolutionGuid = {D2088B30-46A4-44C0-B083-26584F4835B9}
	EndGlobalSection
EndGlobal
