
Microsoft Visual Studio Solution File, Format Version 12.00
# Visual Studio Version 16
VisualStudioVersion = 16.0.30503.244
MinimumVisualStudioVersion = 10.0.40219.1
Project("{FAE04EC0-301F-11D3-BF4B-00C04F79EFBC}") = "FilterLib", "FiltrosLib\FilterLib.csproj", "{FBE81287-5ED5-4128-8709-7C328CF14013}"
EndProject
Project("{FAE04EC0-301F-11D3-BF4B-00C04F79EFBC}") = "FilterTest", "FiltrosTest\FilterTest.csproj", "{4871F49F-E2E8-44C8-9795-487A3FE3B7FC}"
	ProjectSection(ProjectDependencies) = postProject
		{FBE81287-5ED5-4128-8709-7C328CF14013} = {FBE81287-5ED5-4128-8709-7C328CF14013}
	EndProjectSection
EndProject
Global
	GlobalSection(SolutionConfigurationPlatforms) = preSolution
		Debug|Any CPU = Debug|Any CPU
		Release|Any CPU = Release|Any CPU
	EndGlobalSection
	GlobalSection(ProjectConfigurationPlatforms) = postSolution
		{FBE81287-5ED5-4128-8709-7C328CF14013}.Debug|Any CPU.ActiveCfg = Debug|Any CPU
		{FBE81287-5ED5-4128-8709-7C328CF14013}.Debug|Any CPU.Build.0 = Debug|Any CPU
		{FBE81287-5ED5-4128-8709-7C328CF14013}.Release|Any CPU.ActiveCfg = Release|Any CPU
		{FBE81287-5ED5-4128-8709-7C328CF14013}.Release|Any CPU.Build.0 = Release|Any CPU
		{4871F49F-E2E8-44C8-9795-487A3FE3B7FC}.Debug|Any CPU.ActiveCfg = Debug|Any CPU
		{4871F49F-E2E8-44C8-9795-487A3FE3B7FC}.Debug|Any CPU.Build.0 = Debug|Any CPU
		{4871F49F-E2E8-44C8-9795-487A3FE3B7FC}.Release|Any CPU.ActiveCfg = Release|Any CPU
		{4871F49F-E2E8-44C8-9795-487A3FE3B7FC}.Release|Any CPU.Build.0 = Release|Any CPU
	EndGlobalSection
	GlobalSection(SolutionProperties) = preSolution
		HideSolutionNode = FALSE
	EndGlobalSection
	GlobalSection(ExtensibilityGlobals) = postSolution
		SolutionGuid = {AFE2503C-F9CE-4F86-959E-7ED1DCED5191}
	EndGlobalSection
EndGlobal
